
Microsoft Visual Studio Solution File, Format Version 12.00
# Visual Studio Version 17
VisualStudioVersion = 17.13.35828.75 d17.13
MinimumVisualStudioVersion = 10.0.40219.1
Project("{FAE04EC0-301F-11D3-BF4B-00C04F79EFBC}") = "E-conomic", "E-conomic.csproj", "{7651406F-20CE-406E-964F-C815266F2D59}"
EndProject
Global
	GlobalSection(SolutionConfigurationPlatforms) = preSolution
		Debug|Any CPU = Debug|Any CPU
		Release|Any CPU = Release|Any CPU
	EndGlobalSection
	GlobalSection(ProjectConfigurationPlatforms) = postSolution
		{7651406F-20CE-406E-964F-C815266F2D59}.Debug|Any CPU.ActiveCfg = Debug|Any CPU
		{7651406F-20CE-406E-964F-C815266F2D59}.Debug|Any CPU.Build.0 = Debug|Any CPU
		{7651406F-20CE-406E-964F-C815266F2D59}.Release|Any CPU.ActiveCfg = Release|Any CPU
		{7651406F-20CE-406E-964F-C815266F2D59}.Release|Any CPU.Build.0 = Release|Any CPU
	EndGlobalSection
	GlobalSection(SolutionProperties) = preSolution
		HideSolutionNode = FALSE
	EndGlobalSection
	GlobalSection(ExtensibilityGlobals) = postSolution
		SolutionGuid = {94C3207D-4475-4A92-BF68-54CE6C054CE7}
	EndGlobalSection
EndGlobal
